
Microsoft Visual Studio Solution File, Format Version 12.00
# Visual Studio Version 17
VisualStudioVersion = 17.5.33516.290
MinimumVisualStudioVersion = 10.0.40219.1
Project("{FAE04EC0-301F-11D3-BF4B-00C04F79EFBC}") = "IdadeMediaAlunos", "IdadeMediaAlunos.csproj", "{577E37FA-AAD5-4E74-B4AA-E71AA2FBF4CC}"
EndProject
Global
	GlobalSection(SolutionConfigurationPlatforms) = preSolution
		Debug|Any CPU = Debug|Any CPU
		Release|Any CPU = Release|Any CPU
	EndGlobalSection
	GlobalSection(ProjectConfigurationPlatforms) = postSolution
		{577E37FA-AAD5-4E74-B4AA-E71AA2FBF4CC}.Debug|Any CPU.ActiveCfg = Debug|Any CPU
		{577E37FA-AAD5-4E74-B4AA-E71AA2FBF4CC}.Debug|Any CPU.Build.0 = Debug|Any CPU
		{577E37FA-AAD5-4E74-B4AA-E71AA2FBF4CC}.Release|Any CPU.ActiveCfg = Release|Any CPU
		{577E37FA-AAD5-4E74-B4AA-E71AA2FBF4CC}.Release|Any CPU.Build.0 = Release|Any CPU
	EndGlobalSection
	GlobalSection(SolutionProperties) = preSolution
		HideSolutionNode = FALSE
	EndGlobalSection
	GlobalSection(ExtensibilityGlobals) = postSolution
		SolutionGuid = {3CD410E6-CF4C-4405-BF9B-BF6C2C2343AC}
	EndGlobalSection
EndGlobal
